{
  "name": "polaris-status-list-walk",
  "lockfileVersion": 3,
  "requires": true,
  "packages": {
    "": {
      "name": "polaris-status-list-walk",
      "license": "Apache-2.0",
      "dependencies": {
        "@sd-jwt/jwt-status-list": "0.19.0"
      }
    },
    "node_modules/@sd-jwt/jwt-status-list": {
      "version": "0.19.0",
      "resolved": "https://registry.npmjs.org/@sd-jwt/jwt-status-list/-/jwt-status-list-0.19.0.tgz",
      "integrity": "sha512-Xhh0n0DKe3paEtNNQSScy4dtA0ZVKF2OrmDcIB2jm77Doh4xsSs1pOseGEWBs9fmAe5Y0m082wgkmQnWEV53IQ==",
      "deprecated": "Package moved to @owf/token-status-list, please use this instead",
      "license": "Apache-2.0",
      "dependencies": {
        "@sd-jwt/types": "0.19.0",
        "@sd-jwt/utils": "0.19.0",
        "pako": "^2.1.0"
      },
      "engines": {
        "node": ">=20"
      }
    },
    "node_modules/@sd-jwt/types": {
      "version": "0.19.0",
      "resolved": "https://registry.npmjs.org/@sd-jwt/types/-/types-0.19.0.tgz",
      "integrity": "sha512-nfuC9zRLKe7o4HSvc+N4ojWRAxo4JGfgcNWpR7bJloLUlnE9eQuu9h9pEaJZht7KRwMpGorNTIdYpoi1btuiew==",
      "deprecated": "Package got merged into @sd-jwt/core, please use this instead",
      "license": "Apache-2.0",
      "engines": {
        "node": ">=20"
      }
    },
    "node_modules/@sd-jwt/utils": {
      "version": "0.19.0",
      "resolved": "https://registry.npmjs.org/@sd-jwt/utils/-/utils-0.19.0.tgz",
      "integrity": "sha512-bDwDRjfxMBNOsAXY8q8hnxQq7jdOWxrdqTK926Mxt8DN+ttXbXbZIPLwSh84M90WP0V7+WdkXlZD31iISzUR3w==",
      "deprecated": "Package got merged into @sd-jwt/core, please use this instead",
      "license": "Apache-2.0",
      "dependencies": {
        "@sd-jwt/types": "0.19.0",
        "js-base64": "^3.7.8"
      },
      "engines": {
        "node": ">=20"
      }
    },
    "node_modules/js-base64": {
      "version": "3.9.4",
      "resolved": "https://registry.npmjs.org/js-base64/-/js-base64-3.9.4.tgz",
      "integrity": "sha512-PtOMXpEGuP0RRiRXsjzHzl44dMHxSu2CPvAhinupR1tBa88me+1DPqsobl7eupn5UukjLkln1ZnAOAOXOrYG0Q==",
      "license": "BSD-3-Clause"
    },
    "node_modules/pako": {
      "version": "2.2.0",
      "resolved": "https://registry.npmjs.org/pako/-/pako-2.2.0.tgz",
      "integrity": "sha512-zJq6RP/5q+TO2OpFV3FHzlPnFjmkb7Nc99a5SNjJE+uu/PkpChs+NIZSSzbBoD+6kjiISXjfYdwj1ZRQ81dz/w==",
      "funding": [
        {
          "type": "github",
          "url": "https://github.com/sponsors/puzrin"
        },
        {
          "type": "github",
          "url": "https://github.com/sponsors/nodeca"
        }
      ],
      "license": "(MIT AND Zlib)"
    }
  }
}
